
Microsoft Visual Studio Solution File, Format Version 12.00
# Visual Studio Version 17
VisualStudioVersion = 17.11.35303.130
MinimumVisualStudioVersion = 10.0.40219.1
Project("{2150E333-8FDC-42A3-9474-1A3956D46DE8}") = "Task0", "Task0", "{B4E4C479-C3F0-4216-A3B5-D626EEB718D1}"
EndProject
Project("{9A19103F-16F7-4668-BE54-9A1E7A4F7556}") = "Tyuiu.RotachAO.Sprint1.Task0.V13.Test", "Tyuiu.RotachAO.Sprint1.Task0.V13.Test\Tyuiu.RotachAO.Sprint1.Task0.V13.Test.csproj", "{30897B11-29CA-439B-968D-3AC5B6591233}"
EndProject
Project("{9A19103F-16F7-4668-BE54-9A1E7A4F7556}") = "Tyuiu.RotachAO.Sprint1.Task0.V13.Lib", "Tyuiu.RotachAO.Sprint1.Task0.V13.Lib\Tyuiu.RotachAO.Sprint1.Task0.V13.Lib.csproj", "{EAD628D7-F051-480C-AA30-F38ADF843840}"
EndProject
Project("{9A19103F-16F7-4668-BE54-9A1E7A4F7556}") = "Tyuiu.RotachAO.Sprint1.Task0.V13", "Tyuiu.RotachAO.Sprint1.Task0.V13\Tyuiu.RotachAO.Sprint1.Task0.V13.csproj", "{A0B9C310-400E-41A4-8D75-222BD3A8E835}"
EndProject
Project("{2150E333-8FDC-42A3-9474-1A3956D46DE8}") = "Task1", "Task1", "{AAA50CD3-E3D1-4B35-8D7F-9880ED46E66A}"
EndProject
Project("{9A19103F-16F7-4668-BE54-9A1E7A4F7556}") = "Tyuiu.RotachAO.Sprint1.Task1.V19", "Tyuiu.RotachAO.Sprint1.Task1.V19\Tyuiu.RotachAO.Sprint1.Task1.V19.csproj", "{A845BCCD-4A91-42DE-A20F-D5F2EFB7A7C1}"
EndProject
Project("{9A19103F-16F7-4668-BE54-9A1E7A4F7556}") = "Tyuiu.RotachAO.Sprint1.Task1.V19.Lib", "Tyuiu.RotachAO.Sprint1.Task1.V19.Lib\Tyuiu.RotachAO.Sprint1.Task1.V19.Lib.csproj", "{A0012137-FF68-46DD-850B-203ED7923A37}"
EndProject
Project("{9A19103F-16F7-4668-BE54-9A1E7A4F7556}") = "Tyuiu.RotachAO.Sprint1.Task1.V19.Test", "Tyuiu.RotachAO.Sprint1.Task1.V19.Test\Tyuiu.RotachAO.Sprint1.Task1.V19.Test.csproj", "{EBA3D49E-BA06-488F-8E13-F8E3506C0F55}"
EndProject
Project("{2150E333-8FDC-42A3-9474-1A3956D46DE8}") = "Task2", "Task2", "{FE711AC9-16DC-4EA6-B1EE-7FB182CB9BD3}"
EndProject
Project("{9A19103F-16F7-4668-BE54-9A1E7A4F7556}") = "Tyuiu.RotachAO.Sprint1.Task2.V12", "Tyuiu.RotachAO.Sprint1.Task2.V12\Tyuiu.RotachAO.Sprint1.Task2.V12.csproj", "{BC37B042-553F-4ED3-8D00-8F0AB9764134}"
EndProject
Project("{9A19103F-16F7-4668-BE54-9A1E7A4F7556}") = "Tyuiu.RotachAO.Sprint1.Task2.V12.Lib", "Tyuiu.RotachAO.Sprint1.Task2.V12.Lib\Tyuiu.RotachAO.Sprint1.Task2.V12.Lib.csproj", "{1F0693B5-6F2D-4A6A-AB2C-9600D09F2C29}"
EndProject
Project("{9A19103F-16F7-4668-BE54-9A1E7A4F7556}") = "Tyuiu.RotachAO.Sprint1.Task2.V12.Test", "Tyuiu.RotachAO.Sprint1.Task2.V12.Test\Tyuiu.RotachAO.Sprint1.Task2.V12.Test.csproj", "{56520C55-0831-4E01-B759-B9BD87E47268}"
EndProject
Project("{2150E333-8FDC-42A3-9474-1A3956D46DE8}") = "Task3", "Task3", "{092AEDDD-81E9-4391-B88C-DDE7F9644D29}"
EndProject
Project("{9A19103F-16F7-4668-BE54-9A1E7A4F7556}") = "Tyuiu.RotachAO.Sprint1.Task3.V6.Lib", "Tyuiu.RotachAO.Sprint1.Task3.V6.Lib\Tyuiu.RotachAO.Sprint1.Task3.V6.Lib.csproj", "{D689928E-CC4C-4A66-994A-62D6BB85AA4F}"
EndProject
Project("{9A19103F-16F7-4668-BE54-9A1E7A4F7556}") = "Tyuiu.RotachAO.Sprint1.Task3.V6.Test", "Tyuiu.RotachAO.Sprint1.Task3.V6.Test\Tyuiu.RotachAO.Sprint1.Task3.V6.Test.csproj", "{85762097-046C-4709-AEBE-02427938D576}"
EndProject
Project("{9A19103F-16F7-4668-BE54-9A1E7A4F7556}") = "Tyuiu.RotachAO.Sprint1.Task3.V6", "Tyuiu.RotachAO.Sprint1.Task3.V6\Tyuiu.RotachAO.Sprint1.Task3.V6.csproj", "{AB1D4E15-F01B-4E2F-8E6D-02A31E5837E5}"
EndProject
Project("{2150E333-8FDC-42A3-9474-1A3956D46DE8}") = "Task4", "Task4", "{27E08C19-906C-4931-BE31-F8CEC53E9738}"
EndProject
Project("{9A19103F-16F7-4668-BE54-9A1E7A4F7556}") = "Tyuiu.RotachAO.Sprint1.Task4.V5", "Tyuiu.RotachAO.Sprint1.Task4.V5\Tyuiu.RotachAO.Sprint1.Task4.V5.csproj", "{930C2932-DD43-4E3C-8ABD-9E61996F5521}"
EndProject
Project("{9A19103F-16F7-4668-BE54-9A1E7A4F7556}") = "Tyuiu.RotachAO.Sprint1.Task4.V5.Lib", "Tyuiu.RotachAO.Sprint1.Task4.V5.Lib\Tyuiu.RotachAO.Sprint1.Task4.V5.Lib.csproj", "{1F1BB4F3-74A6-4E6E-B12E-52F8AA85CB2A}"
EndProject
Project("{9A19103F-16F7-4668-BE54-9A1E7A4F7556}") = "Tyuiu.RotachAO.Sprint1.Task4.V5.Test", "Tyuiu.RotachAO.Sprint1.Task4.V5.Test\Tyuiu.RotachAO.Sprint1.Task4.V5.Test.csproj", "{7509F338-C8E5-48AE-916F-C95604702DFC}"
EndProject
Project("{2150E333-8FDC-42A3-9474-1A3956D46DE8}") = "Task5", "Task5", "{3D902E57-628C-42C1-B583-292D1B8CF963}"
EndProject
Project("{FAE04EC0-301F-11D3-BF4B-00C04F79EFBC}") = "Tyuiu.RotachAO.Sprint1.Task5.V6", "Tyuiu.RotachAO.Sprint1.Task5.V6\Tyuiu.RotachAO.Sprint1.Task5.V6.csproj", "{E21481BC-6CAE-4650-8F11-28BD29250D06}"
EndProject
Project("{FAE04EC0-301F-11D3-BF4B-00C04F79EFBC}") = "Tyuiu.RotachAO.Sprint1.Task5.V6.Lib", "Tyuiu.RotachAO.Sprint1.Task5.V6.Lib\Tyuiu.RotachAO.Sprint1.Task5.V6.Lib.csproj", "{FD9829B8-2CC9-495B-A571-E46DAC2EF297}"
EndProject
Project("{FAE04EC0-301F-11D3-BF4B-00C04F79EFBC}") = "Tyuiu.RotachAO.Sprint1.Task5.V6.Test", "Tyuiu.RotachAO.Sprint1.Task5.V6.Test\Tyuiu.RotachAO.Sprint1.Task5.V6.Test.csproj", "{333F8EF9-1EDE-42B5-AF22-90D627AF2D58}"
EndProject
Project("{2150E333-8FDC-42A3-9474-1A3956D46DE8}") = "Task6", "Task6", "{89ABCFA8-67D3-40A2-9289-B6ECCB24D50A}"
EndProject
Project("{FAE04EC0-301F-11D3-BF4B-00C04F79EFBC}") = "Tyuiu.RotachAO.Sprint1.Task6.V2", "Tyuiu.RotachAO.Sprint1.Task6.V2\Tyuiu.RotachAO.Sprint1.Task6.V2.csproj", "{7BD2C8DC-5029-4A48-83B8-D3C60FD9BA11}"
EndProject
Project("{FAE04EC0-301F-11D3-BF4B-00C04F79EFBC}") = "Tyuiu.RotachAO.Sprint1.Task6.V2.Lib", "Tyuiu.RotachAO.Sprint1.Task6.V2.Lib\Tyuiu.RotachAO.Sprint1.Task6.V2.Lib.csproj", "{EE5AD05F-EC73-4979-AC76-95AEC30F5E2B}"
EndProject
Project("{FAE04EC0-301F-11D3-BF4B-00C04F79EFBC}") = "Tyuiu.RotachAO.Sprint1.Task6.V2.Test", "Tyuiu.RotachAO.Sprint1.Task6.V2.Test\Tyuiu.RotachAO.Sprint1.Task6.V2.Test.csproj", "{B732A90D-3F96-4816-A974-7771F88E8567}"
EndProject
Project("{2150E333-8FDC-42A3-9474-1A3956D46DE8}") = "Task7", "Task7", "{28E12120-6142-4501-A88C-250DBC73FDAD}"
EndProject
Project("{FAE04EC0-301F-11D3-BF4B-00C04F79EFBC}") = "Tyuiu.RotachAO.Sprint1.Task7.V7", "Tyuiu.RotachAO.Sprint1.Task7.V7\Tyuiu.RotachAO.Sprint1.Task7.V7.csproj", "{63A055C6-E5AC-4EF2-9D31-A840D7751FE8}"
EndProject
Project("{FAE04EC0-301F-11D3-BF4B-00C04F79EFBC}") = "Tyuiu.RotachAO.Sprint1.Task7.V7.Lib", "Tyuiu.RotachAO.Sprint1.Task7.V7.Lib\Tyuiu.RotachAO.Sprint1.Task7.V7.Lib.csproj", "{DA962061-9852-417D-B087-F59B2D4D788A}"
EndProject
Project("{FAE04EC0-301F-11D3-BF4B-00C04F79EFBC}") = "Tyuiu.RotachAO.Sprint1.Task7.V7.Test", "Tyuiu.RotachAO.Sprint1.Task7.V7.Test\Tyuiu.RotachAO.Sprint1.Task7.V7.Test.csproj", "{A8429069-3659-4FB0-9A63-C9E8BEB474A6}"
EndProject
Global
	GlobalSection(SolutionConfigurationPlatforms) = preSolution
		Debug|Any CPU = Debug|Any CPU
		Release|Any CPU = Release|Any CPU
	EndGlobalSection
	GlobalSection(ProjectConfigurationPlatforms) = postSolution
		{30897B11-29CA-439B-968D-3AC5B6591233}.Debug|Any CPU.ActiveCfg = Debug|Any CPU
		{30897B11-29CA-439B-968D-3AC5B6591233}.Debug|Any CPU.Build.0 = Debug|Any CPU
		{30897B11-29CA-439B-968D-3AC5B6591233}.Release|Any CPU.ActiveCfg = Release|Any CPU
		{30897B11-29CA-439B-968D-3AC5B6591233}.Release|Any CPU.Build.0 = Release|Any CPU
		{EAD628D7-F051-480C-AA30-F38ADF843840}.Debug|Any CPU.ActiveCfg = Debug|Any CPU
		{EAD628D7-F051-480C-AA30-F38ADF843840}.Debug|Any CPU.Build.0 = Debug|Any CPU
		{EAD628D7-F051-480C-AA30-F38ADF843840}.Release|Any CPU.ActiveCfg = Release|Any CPU
		{EAD628D7-F051-480C-AA30-F38ADF843840}.Release|Any CPU.Build.0 = Release|Any CPU
		{A0B9C310-400E-41A4-8D75-222BD3A8E835}.Debug|Any CPU.ActiveCfg = Debug|Any CPU
		{A0B9C310-400E-41A4-8D75-222BD3A8E835}.Debug|Any CPU.Build.0 = Debug|Any CPU
		{A0B9C310-400E-41A4-8D75-222BD3A8E835}.Release|Any CPU.ActiveCfg = Release|Any CPU
		{A0B9C310-400E-41A4-8D75-222BD3A8E835}.Release|Any CPU.Build.0 = Release|Any CPU
		{A845BCCD-4A91-42DE-A20F-D5F2EFB7A7C1}.Debug|Any CPU.ActiveCfg = Debug|Any CPU
		{A845BCCD-4A91-42DE-A20F-D5F2EFB7A7C1}.Debug|Any CPU.Build.0 = Debug|Any CPU
		{A845BCCD-4A91-42DE-A20F-D5F2EFB7A7C1}.Release|Any CPU.ActiveCfg = Release|Any CPU
		{A845BCCD-4A91-42DE-A20F-D5F2EFB7A7C1}.Release|Any CPU.Build.0 = Release|Any CPU
		{A0012137-FF68-46DD-850B-203ED7923A37}.Debug|Any CPU.ActiveCfg = Debug|Any CPU
		{A0012137-FF68-46DD-850B-203ED7923A37}.Debug|Any CPU.Build.0 = Debug|Any CPU
		{A0012137-FF68-46DD-850B-203ED7923A37}.Release|Any CPU.ActiveCfg = Release|Any CPU
		{A0012137-FF68-46DD-850B-203ED7923A37}.Release|Any CPU.Build.0 = Release|Any CPU
		{EBA3D49E-BA06-488F-8E13-F8E3506C0F55}.Debug|Any CPU.ActiveCfg = Debug|Any CPU
		{EBA3D49E-BA06-488F-8E13-F8E3506C0F55}.Debug|Any CPU.Build.0 = Debug|Any CPU
		{EBA3D49E-BA06-488F-8E13-F8E3506C0F55}.Release|Any CPU.ActiveCfg = Release|Any CPU
		{EBA3D49E-BA06-488F-8E13-F8E3506C0F55}.Release|Any CPU.Build.0 = Release|Any CPU
		{BC37B042-553F-4ED3-8D00-8F0AB9764134}.Debug|Any CPU.ActiveCfg = Debug|Any CPU
		{BC37B042-553F-4ED3-8D00-8F0AB9764134}.Debug|Any CPU.Build.0 = Debug|Any CPU
		{BC37B042-553F-4ED3-8D00-8F0AB9764134}.Release|Any CPU.ActiveCfg = Release|Any CPU
		{BC37B042-553F-4ED3-8D00-8F0AB9764134}.Release|Any CPU.Build.0 = Release|Any CPU
		{1F0693B5-6F2D-4A6A-AB2C-9600D09F2C29}.Debug|Any CPU.ActiveCfg = Debug|Any CPU
		{1F0693B5-6F2D-4A6A-AB2C-9600D09F2C29}.Debug|Any CPU.Build.0 = Debug|Any CPU
		{1F0693B5-6F2D-4A6A-AB2C-9600D09F2C29}.Release|Any CPU.ActiveCfg = Release|Any CPU
		{1F0693B5-6F2D-4A6A-AB2C-9600D09F2C29}.Release|Any CPU.Build.0 = Release|Any CPU
		{56520C55-0831-4E01-B759-B9BD87E47268}.Debug|Any CPU.ActiveCfg = Debug|Any CPU
		{56520C55-0831-4E01-B759-B9BD87E47268}.Debug|Any CPU.Build.0 = Debug|Any CPU
		{56520C55-0831-4E01-B759-B9BD87E47268}.Release|Any CPU.ActiveCfg = Release|Any CPU
		{56520C55-0831-4E01-B759-B9BD87E47268}.Release|Any CPU.Build.0 = Release|Any CPU
		{D689928E-CC4C-4A66-994A-62D6BB85AA4F}.Debug|Any CPU.ActiveCfg = Debug|Any CPU
		{D689928E-CC4C-4A66-994A-62D6BB85AA4F}.Debug|Any CPU.Build.0 = Debug|Any CPU
		{D689928E-CC4C-4A66-994A-62D6BB85AA4F}.Release|Any CPU.ActiveCfg = Release|Any CPU
		{D689928E-CC4C-4A66-994A-62D6BB85AA4F}.Release|Any CPU.Build.0 = Release|Any CPU
		{85762097-046C-4709-AEBE-02427938D576}.Debug|Any CPU.ActiveCfg = Debug|Any CPU
		{85762097-046C-4709-AEBE-02427938D576}.Debug|Any CPU.Build.0 = Debug|Any CPU
		{85762097-046C-4709-AEBE-02427938D576}.Release|Any CPU.ActiveCfg = Release|Any CPU
		{85762097-046C-4709-AEBE-02427938D576}.Release|Any CPU.Build.0 = Release|Any CPU
		{AB1D4E15-F01B-4E2F-8E6D-02A31E5837E5}.Debug|Any CPU.ActiveCfg = Debug|Any CPU
		{AB1D4E15-F01B-4E2F-8E6D-02A31E5837E5}.Debug|Any CPU.Build.0 = Debug|Any CPU
		{AB1D4E15-F01B-4E2F-8E6D-02A31E5837E5}.Release|Any CPU.ActiveCfg = Release|Any CPU
		{AB1D4E15-F01B-4E2F-8E6D-02A31E5837E5}.Release|Any CPU.Build.0 = Release|Any CPU
		{930C2932-DD43-4E3C-8ABD-9E61996F5521}.Debug|Any CPU.ActiveCfg = Debug|Any CPU
		{930C2932-DD43-4E3C-8ABD-9E61996F5521}.Debug|Any CPU.Build.0 = Debug|Any CPU
		{930C2932-DD43-4E3C-8ABD-9E61996F5521}.Release|Any CPU.ActiveCfg = Release|Any CPU
		{930C2932-DD43-4E3C-8ABD-9E61996F5521}.Release|Any CPU.Build.0 = Release|Any CPU
		{1F1BB4F3-74A6-4E6E-B12E-52F8AA85CB2A}.Debug|Any CPU.ActiveCfg = Debug|Any CPU
		{1F1BB4F3-74A6-4E6E-B12E-52F8AA85CB2A}.Debug|Any CPU.Build.0 = Debug|Any CPU
		{1F1BB4F3-74A6-4E6E-B12E-52F8AA85CB2A}.Release|Any CPU.ActiveCfg = Release|Any CPU
		{1F1BB4F3-74A6-4E6E-B12E-52F8AA85CB2A}.Release|Any CPU.Build.0 = Release|Any CPU
		{7509F338-C8E5-48AE-916F-C95604702DFC}.Debug|Any CPU.ActiveCfg = Debug|Any CPU
		{7509F338-C8E5-48AE-916F-C95604702DFC}.Debug|Any CPU.Build.0 = Debug|Any CPU
		{7509F338-C8E5-48AE-916F-C95604702DFC}.Release|Any CPU.ActiveCfg = Release|Any CPU
		{7509F338-C8E5-48AE-916F-C95604702DFC}.Release|Any CPU.Build.0 = Release|Any CPU
		{E21481BC-6CAE-4650-8F11-28BD29250D06}.Debug|Any CPU.ActiveCfg = Debug|Any CPU
		{E21481BC-6CAE-4650-8F11-28BD29250D06}.Debug|Any CPU.Build.0 = Debug|Any CPU
		{E21481BC-6CAE-4650-8F11-28BD29250D06}.Release|Any CPU.ActiveCfg = Release|Any CPU
		{E21481BC-6CAE-4650-8F11-28BD29250D06}.Release|Any CPU.Build.0 = Release|Any CPU
		{FD9829B8-2CC9-495B-A571-E46DAC2EF297}.Debug|Any CPU.ActiveCfg = Debug|Any CPU
		{FD9829B8-2CC9-495B-A571-E46DAC2EF297}.Debug|Any CPU.Build.0 = Debug|Any CPU
		{FD9829B8-2CC9-495B-A571-E46DAC2EF297}.Release|Any CPU.ActiveCfg = Release|Any CPU
		{FD9829B8-2CC9-495B-A571-E46DAC2EF297}.Release|Any CPU.Build.0 = Release|Any CPU
		{333F8EF9-1EDE-42B5-AF22-90D627AF2D58}.Debug|Any CPU.ActiveCfg = Debug|Any CPU
		{333F8EF9-1EDE-42B5-AF22-90D627AF2D58}.Debug|Any CPU.Build.0 = Debug|Any CPU
		{333F8EF9-1EDE-42B5-AF22-90D627AF2D58}.Release|Any CPU.ActiveCfg = Release|Any CPU
		{333F8EF9-1EDE-42B5-AF22-90D627AF2D58}.Release|Any CPU.Build.0 = Release|Any CPU
		{7BD2C8DC-5029-4A48-83B8-D3C60FD9BA11}.Debug|Any CPU.ActiveCfg = Debug|Any CPU
		{7BD2C8DC-5029-4A48-83B8-D3C60FD9BA11}.Debug|Any CPU.Build.0 = Debug|Any CPU
		{7BD2C8DC-5029-4A48-83B8-D3C60FD9BA11}.Release|Any CPU.ActiveCfg = Release|Any CPU
		{7BD2C8DC-5029-4A48-83B8-D3C60FD9BA11}.Release|Any CPU.Build.0 = Release|Any CPU
		{EE5AD05F-EC73-4979-AC76-95AEC30F5E2B}.Debug|Any CPU.ActiveCfg = Debug|Any CPU
		{EE5AD05F-EC73-4979-AC76-95AEC30F5E2B}.Debug|Any CPU.Build.0 = Debug|Any CPU
		{EE5AD05F-EC73-4979-AC76-95AEC30F5E2B}.Release|Any CPU.ActiveCfg = Release|Any CPU
		{EE5AD05F-EC73-4979-AC76-95AEC30F5E2B}.Release|Any CPU.Build.0 = Release|Any CPU
		{B732A90D-3F96-4816-A974-7771F88E8567}.Debug|Any CPU.ActiveCfg = Debug|Any CPU
		{B732A90D-3F96-4816-A974-7771F88E8567}.Debug|Any CPU.Build.0 = Debug|Any CPU
		{B732A90D-3F96-4816-A974-7771F88E8567}.Release|Any CPU.ActiveCfg = Release|Any CPU
		{B732A90D-3F96-4816-A974-7771F88E8567}.Release|Any CPU.Build.0 = Release|Any CPU
		{63A055C6-E5AC-4EF2-9D31-A840D7751FE8}.Debug|Any CPU.ActiveCfg = Debug|Any CPU
		{63A055C6-E5AC-4EF2-9D31-A840D7751FE8}.Debug|Any CPU.Build.0 = Debug|Any CPU
		{63A055C6-E5AC-4EF2-9D31-A840D7751FE8}.Release|Any CPU.ActiveCfg = Release|Any CPU
		{63A055C6-E5AC-4EF2-9D31-A840D7751FE8}.Release|Any CPU.Build.0 = Release|Any CPU
		{DA962061-9852-417D-B087-F59B2D4D788A}.Debug|Any CPU.ActiveCfg = Debug|Any CPU
		{DA962061-9852-417D-B087-F59B2D4D788A}.Debug|Any CPU.Build.0 = Debug|Any CPU
		{DA962061-9852-417D-B087-F59B2D4D788A}.Release|Any CPU.ActiveCfg = Release|Any CPU
		{DA962061-9852-417D-B087-F59B2D4D788A}.Release|Any CPU.Build.0 = Release|Any CPU
		{A8429069-3659-4FB0-9A63-C9E8BEB474A6}.Debug|Any CPU.ActiveCfg = Debug|Any CPU
		{A8429069-3659-4FB0-9A63-C9E8BEB474A6}.Debug|Any CPU.Build.0 = Debug|Any CPU
		{A8429069-3659-4FB0-9A63-C9E8BEB474A6}.Release|Any CPU.ActiveCfg = Release|Any CPU
		{A8429069-3659-4FB0-9A63-C9E8BEB474A6}.Release|Any CPU.Build.0 = Release|Any CPU
	EndGlobalSection
	GlobalSection(SolutionProperties) = preSolution
		HideSolutionNode = FALSE
	EndGlobalSection
	GlobalSection(NestedProjects) = preSolution
		{30897B11-29CA-439B-968D-3AC5B6591233} = {B4E4C479-C3F0-4216-A3B5-D626EEB718D1}
		{EAD628D7-F051-480C-AA30-F38ADF843840} = {B4E4C479-C3F0-4216-A3B5-D626EEB718D1}
		{A0B9C310-400E-41A4-8D75-222BD3A8E835} = {B4E4C479-C3F0-4216-A3B5-D626EEB718D1}
		{A845BCCD-4A91-42DE-A20F-D5F2EFB7A7C1} = {AAA50CD3-E3D1-4B35-8D7F-9880ED46E66A}
		{A0012137-FF68-46DD-850B-203ED7923A37} = {AAA50CD3-E3D1-4B35-8D7F-9880ED46E66A}
		{EBA3D49E-BA06-488F-8E13-F8E3506C0F55} = {AAA50CD3-E3D1-4B35-8D7F-9880ED46E66A}
		{BC37B042-553F-4ED3-8D00-8F0AB9764134} = {FE711AC9-16DC-4EA6-B1EE-7FB182CB9BD3}
		{1F0693B5-6F2D-4A6A-AB2C-9600D09F2C29} = {FE711AC9-16DC-4EA6-B1EE-7FB182CB9BD3}
		{56520C55-0831-4E01-B759-B9BD87E47268} = {FE711AC9-16DC-4EA6-B1EE-7FB182CB9BD3}
		{D689928E-CC4C-4A66-994A-62D6BB85AA4F} = {092AEDDD-81E9-4391-B88C-DDE7F9644D29}
		{85762097-046C-4709-AEBE-02427938D576} = {092AEDDD-81E9-4391-B88C-DDE7F9644D29}
		{AB1D4E15-F01B-4E2F-8E6D-02A31E5837E5} = {092AEDDD-81E9-4391-B88C-DDE7F9644D29}
		{930C2932-DD43-4E3C-8ABD-9E61996F5521} = {27E08C19-906C-4931-BE31-F8CEC53E9738}
		{1F1BB4F3-74A6-4E6E-B12E-52F8AA85CB2A} = {27E08C19-906C-4931-BE31-F8CEC53E9738}
		{7509F338-C8E5-48AE-916F-C95604702DFC} = {27E08C19-906C-4931-BE31-F8CEC53E9738}
		{E21481BC-6CAE-4650-8F11-28BD29250D06} = {3D902E57-628C-42C1-B583-292D1B8CF963}
		{FD9829B8-2CC9-495B-A571-E46DAC2EF297} = {3D902E57-628C-42C1-B583-292D1B8CF963}
		{333F8EF9-1EDE-42B5-AF22-90D627AF2D58} = {3D902E57-628C-42C1-B583-292D1B8CF963}
		{7BD2C8DC-5029-4A48-83B8-D3C60FD9BA11} = {89ABCFA8-67D3-40A2-9289-B6ECCB24D50A}
		{EE5AD05F-EC73-4979-AC76-95AEC30F5E2B} = {89ABCFA8-67D3-40A2-9289-B6ECCB24D50A}
		{B732A90D-3F96-4816-A974-7771F88E8567} = {89ABCFA8-67D3-40A2-9289-B6ECCB24D50A}
		{63A055C6-E5AC-4EF2-9D31-A840D7751FE8} = {28E12120-6142-4501-A88C-250DBC73FDAD}
		{DA962061-9852-417D-B087-F59B2D4D788A} = {28E12120-6142-4501-A88C-250DBC73FDAD}
		{A8429069-3659-4FB0-9A63-C9E8BEB474A6} = {28E12120-6142-4501-A88C-250DBC73FDAD}
	EndGlobalSection
	GlobalSection(ExtensibilityGlobals) = postSolution
		SolutionGuid = {FE2621EF-CE44-4633-8647-3EEF56EE41EB}
	EndGlobalSection
EndGlobal
